version = 1
revision = 3
requires-python = ">=3.12"

[[package]]
name = "faker"
version = "40.40.0"
source = { registry = "https://pypi.org/simple" }
dependencies = [
    { name = "tzdata", marker = "sys_platform == 'win32'" },
]
sdist = { url = "https://files.pythonhosted.org/packages/43/43/7f5870d05331cb1649704040f51332d37f2468ed857de1e226482e2948b0/faker-40.40.0.tar.gz", hash = "sha256:803ee7f920679e7367c3f7b7f97752f5a9780aa5566c71723fbe57d591beafe1", size = 2029985, upload-time = "2026-09-29T00:56:19.983Z" }
wheels = [
    { url = "https://files.pythonhosted.org/packages/e1/d2/58beb2b8355f89b483fa21b99fe9934ee7312e3ccf228bb7cefe9e8d979c/faker-40.40.0-py3-none-any.whl", hash = "sha256:cd45ebdd1363f92a45740ac49945e49fa18f7e10771884a83c796a235550d7b7", size = 2066663, upload-time = "2026-09-29T00:56:17.952Z" },
]

[[package]]
name = "tools"
version = "0.1.0"
source = { editable = "." }
dependencies = [
    { name = "faker" },
]

[package.metadata]
requires-dist = [{ name = "faker", specifier = ">=37.12.0" }]

[[package]]
name = "tzdata"
version = "2026.4"
source = { registry = "https://pypi.org/simple" }
sdist = { url = "https://files.pythonhosted.org/packages/e4/31/3d74fa778a63b98b7374323befcc0be5ab3bd94afd4096a0124e7379152c/tzdata-2026.4.tar.gz", hash = "sha256:f1b8bd365d8d210c55353f4d7f8d6d8561c0ba50d704b700d195a9424bba0d79", size = 199350, upload-time = "2026-09-12T12:56:03.251Z" }
wheels = [
    { url = "https://files.pythonhosted.org/packages/f9/bc/8737e8d54cf51106118039b83f485a4783112fab49ea9d044b234978a46e/tzdata-2026.4-py2.py3-none-any.whl", hash = "sha256:c2169a8b0a7a5e9674da5a135ccdfb2b3e671b333ed9fed17b41f73c34476e81", size = 347494, upload-time = "2026-09-12T12:56:01.67Z" },
]
